// !$*UTF8*$!
{
	archiveVersion = 1;
	classes = {
	};
	objectVersion = 48;
	objects = {

/* Begin PBXBuildFile section */
		04E5888A1FB7644E00B22B1C /* MainLGSideViewVC.swift in Sources */ = {isa = PBXBuildFile; fileRef = 04E588891FB7644E00B22B1C /* MainLGSideViewVC.swift */; };
		04E5888C1FB764DE00B22B1C /* HomeVC.swift in Sources */ = {isa = PBXBuildFile; fileRef = 04E5888B1FB764DE00B22B1C /* HomeVC.swift */; };
		59679C0418BE539A61E88C32 /* Pods_OfferCam.framework in Frameworks */ = {isa = PBXBuildFile; fileRef = 7BEC33603EAD41725A4EE5E2 /* Pods_OfferCam.framework */; };
		A04B3CA31FB9B811002F4521 /* CollectionVCell.swift in Sources */ = {isa = PBXBuildFile; fileRef = A04B3CA11FB9B811002F4521 /* CollectionVCell.swift */; };
		A04B3CA41FB9B811002F4521 /* CollectionVCell.xib in Resources */ = {isa = PBXBuildFile; fileRef = A04B3CA21FB9B811002F4521 /* CollectionVCell.xib */; };
		A06B281D1FB2385D008E27D5 /* AppDelegate.swift in Sources */ = {isa = PBXBuildFile; fileRef = A06B281C1FB2385D008E27D5 /* AppDelegate.swift */; };
		A06B281F1FB2385D008E27D5 /* ViewController.swift in Sources */ = {isa = PBXBuildFile; fileRef = A06B281E1FB2385D008E27D5 /* ViewController.swift */; };
		A06B28221FB2385D008E27D5 /* Main.storyboard in Resources */ = {isa = PBXBuildFile; fileRef = A06B28201FB2385D008E27D5 /* Main.storyboard */; };
		A06B28251FB2385D008E27D5 /* OfferCam.xcdatamodeld in Sources */ = {isa = PBXBuildFile; fileRef = A06B28231FB2385D008E27D5 /* OfferCam.xcdatamodeld */; };
		A06B28271FB2385D008E27D5 /* Assets.xcassets in Resources */ = {isa = PBXBuildFile; fileRef = A06B28261FB2385D008E27D5 /* Assets.xcassets */; };
		A06B282A1FB2385D008E27D5 /* LaunchScreen.storyboard in Resources */ = {isa = PBXBuildFile; fileRef = A06B28281FB2385D008E27D5 /* LaunchScreen.storyboard */; };
		A0D43BE81FB4B7A4006A95C5 /* DrawerViewController.swift in Sources */ = {isa = PBXBuildFile; fileRef = A0D43BE71FB4B7A4006A95C5 /* DrawerViewController.swift */; };
		A0D43BEA1FB779B2006A95C5 /* TripLogVC.swift in Sources */ = {isa = PBXBuildFile; fileRef = A0D43BE91FB779B2006A95C5 /* TripLogVC.swift */; };
		A0D43BEC1FB779D4006A95C5 /* UploadVC.swift in Sources */ = {isa = PBXBuildFile; fileRef = A0D43BEB1FB779D4006A95C5 /* UploadVC.swift */; };
		A0D43BEE1FB779F2006A95C5 /* PrivacyPolicyVC.swift in Sources */ = {isa = PBXBuildFile; fileRef = A0D43BED1FB779F2006A95C5 /* PrivacyPolicyVC.swift */; };
		A0D43BF21FB78C12006A95C5 /* FAQsVC.swift in Sources */ = {isa = PBXBuildFile; fileRef = A0D43BF11FB78C12006A95C5 /* FAQsVC.swift */; };
		A0D43BF41FB78DCA006A95C5 /* ProfileVC.swift in Sources */ = {isa = PBXBuildFile; fileRef = A0D43BF31FB78DCA006A95C5 /* ProfileVC.swift */; };
		A0D43BF61FB98371006A95C5 /* PrivacyPolicy.html in Resources */ = {isa = PBXBuildFile; fileRef = A0D43BF51FB98370006A95C5 /* PrivacyPolicy.html */; };
/* End PBXBuildFile section */

/* Begin PBXFileReference section */
		04E588891FB7644E00B22B1C /* MainLGSideViewVC.swift */ = {isa = PBXFileReference; fileEncoding = 4; lastKnownFileType = sourcecode.swift; path = MainLGSideViewVC.swift; sourceTree = "<group>"; };
		04E5888B1FB764DE00B22B1C /* HomeVC.swift */ = {isa = PBXFileReference; lastKnownFileType = sourcecode.swift; path = HomeVC.swift; sourceTree = "<group>"; };
		39B3665B666B1D4CE80A31C8 /* Pods-OfferCam.release.xcconfig */ = {isa = PBXFileReference; includeInIndex = 1; lastKnownFileType = text.xcconfig; name = "Pods-OfferCam.release.xcconfig"; path = "Pods/Target Support Files/Pods-OfferCam/Pods-OfferCam.release.xcconfig"; sourceTree = "<group>"; };
		7640C3871F91A8E1F53D06F1 /* Pods-OfferCam.debug.xcconfig */ = {isa = PBXFileReference; includeInIndex = 1; lastKnownFileType = text.xcconfig; name = "Pods-OfferCam.debug.xcconfig"; path = "Pods/Target Support Files/Pods-OfferCam/Pods-OfferCam.debug.xcconfig"; sourceTree = "<group>"; };
		7BEC33603EAD41725A4EE5E2 /* Pods_OfferCam.framework */ = {isa = PBXFileReference; explicitFileType = wrapper.framework; includeInIndex = 0; path = Pods_OfferCam.framework; sourceTree = BUILT_PRODUCTS_DIR; };
		A04B3CA11FB9B811002F4521 /* CollectionVCell.swift */ = {isa = PBXFileReference; lastKnownFileType = sourcecode.swift; path = CollectionVCell.swift; sourceTree = "<group>"; };
		A04B3CA21FB9B811002F4521 /* CollectionVCell.xib */ = {isa = PBXFileReference; lastKnownFileType = file.xib; path = CollectionVCell.xib; sourceTree = "<group>"; };
		A06B28191FB2385D008E27D5 /* OfferCam.app */ = {isa = PBXFileReference; explicitFileType = wrapper.application; includeInIndex = 0; path = OfferCam.app; sourceTree = BUILT_PRODUCTS_DIR; };
		A06B281C1FB2385D008E27D5 /* AppDelegate.swift */ = {isa = PBXFileReference; lastKnownFileType = sourcecode.swift; path = AppDelegate.swift; sourceTree = "<group>"; };
		A06B281E1FB2385D008E27D5 /* ViewController.swift */ = {isa = PBXFileReference; lastKnownFileType = sourcecode.swift; path = ViewController.swift; sourceTree = "<group>"; };
		A06B28211FB2385D008E27D5 /* Base */ = {isa = PBXFileReference; lastKnownFileType = file.storyboard; name = Base; path = Base.lproj/Main.storyboard; sourceTree = "<group>"; };
		A06B28241FB2385D008E27D5 /* OfferCam.xcdatamodel */ = {isa = PBXFileReference; lastKnownFileType = wrapper.xcdatamodel; path = OfferCam.xcdatamodel; sourceTree = "<group>"; };
		A06B28261FB2385D008E27D5 /* Assets.xcassets */ = {isa = PBXFileReference; lastKnownFileType = folder.assetcatalog; path = Assets.xcassets; sourceTree = "<group>"; };
		A06B28291FB2385D008E27D5 /* Base */ = {isa = PBXFileReference; lastKnownFileType = file.storyboard; name = Base; path = Base.lproj/LaunchScreen.storyboard; sourceTree = "<group>"; };
		A06B282B1FB2385D008E27D5 /* Info.plist */ = {isa = PBXFileReference; lastKnownFileType = text.plist.xml; path = Info.plist; sourceTree = "<group>"; };
		A0D43BE71FB4B7A4006A95C5 /* DrawerViewController.swift */ = {isa = PBXFileReference; lastKnownFileType = sourcecode.swift; path = DrawerViewController.swift; sourceTree = "<group>"; };
		A0D43BE91FB779B2006A95C5 /* TripLogVC.swift */ = {isa = PBXFileReference; lastKnownFileType = sourcecode.swift; path = TripLogVC.swift; sourceTree = "<group>"; };
		A0D43BEB1FB779D4006A95C5 /* UploadVC.swift */ = {isa = PBXFileReference; lastKnownFileType = sourcecode.swift; path = UploadVC.swift; sourceTree = "<group>"; };
		A0D43BED1FB779F2006A95C5 /* PrivacyPolicyVC.swift */ = {isa = PBXFileReference; lastKnownFileType = sourcecode.swift; path = PrivacyPolicyVC.swift; sourceTree = "<group>"; };
		A0D43BF11FB78C12006A95C5 /* FAQsVC.swift */ = {isa = PBXFileReference; lastKnownFileType = sourcecode.swift; path = FAQsVC.swift; sourceTree = "<group>"; };
		A0D43BF31FB78DCA006A95C5 /* ProfileVC.swift */ = {isa = PBXFileReference; lastKnownFileType = sourcecode.swift; path = ProfileVC.swift; sourceTree = "<group>"; };
		A0D43BF51FB98370006A95C5 /* PrivacyPolicy.html */ = {isa = PBXFileReference; fileEncoding = 4; lastKnownFileType = text.html; path = PrivacyPolicy.html; sourceTree = "<group>"; };
/* End PBXFileReference section */

/* Begin PBXFrameworksBuildPhase section */
		A06B28161FB2385D008E27D5 /* Frameworks */ = {
			isa = PBXFrameworksBuildPhase;
			buildActionMask = 2147483647;
			files = (
				59679C0418BE539A61E88C32 /* Pods_OfferCam.framework in Frameworks */,
			);
			runOnlyForDeploymentPostprocessing = 0;
		};
/* End PBXFrameworksBuildPhase section */

/* Begin PBXGroup section */
		A04B3CA01FB9B78F002F4521 /* Supporting */ = {
			isa = PBXGroup;
			children = (
				A0D43BF51FB98370006A95C5 /* PrivacyPolicy.html */,
			);
			path = Supporting;
			sourceTree = "<group>";
		};
		A06B28101FB2385D008E27D5 = {
			isa = PBXGroup;
			children = (
				A06B281B1FB2385D008E27D5 /* OfferCam */,
				A06B281A1FB2385D008E27D5 /* Products */,
				C851C4DCDB856196D9C239EC /* Pods */,
				C0B38BA1D515579044ED410B /* Frameworks */,
			);
			sourceTree = "<group>";
		};
		A06B281A1FB2385D008E27D5 /* Products */ = {
			isa = PBXGroup;
			children = (
				A06B28191FB2385D008E27D5 /* OfferCam.app */,
			);
			name = Products;
			sourceTree = "<group>";
		};
		A06B281B1FB2385D008E27D5 /* OfferCam */ = {
			isa = PBXGroup;
			children = (
				A04B3CA01FB9B78F002F4521 /* Supporting */,
				A06B281C1FB2385D008E27D5 /* AppDelegate.swift */,
				A06B281E1FB2385D008E27D5 /* ViewController.swift */,
				A06B28201FB2385D008E27D5 /* Main.storyboard */,
				A06B28261FB2385D008E27D5 /* Assets.xcassets */,
				A06B28281FB2385D008E27D5 /* LaunchScreen.storyboard */,
				A06B282B1FB2385D008E27D5 /* Info.plist */,
				A06B28231FB2385D008E27D5 /* OfferCam.xcdatamodeld */,
				04E588891FB7644E00B22B1C /* MainLGSideViewVC.swift */,
				A0D43BE71FB4B7A4006A95C5 /* DrawerViewController.swift */,
				04E5888B1FB764DE00B22B1C /* HomeVC.swift */,
				A0D43BE91FB779B2006A95C5 /* TripLogVC.swift */,
				A0D43BEB1FB779D4006A95C5 /* UploadVC.swift */,
				A0D43BED1FB779F2006A95C5 /* PrivacyPolicyVC.swift */,
				A0D43BF11FB78C12006A95C5 /* FAQsVC.swift */,
				A0D43BF31FB78DCA006A95C5 /* ProfileVC.swift */,
				A04B3CA11FB9B811002F4521 /* CollectionVCell.swift */,
				A04B3CA21FB9B811002F4521 /* CollectionVCell.xib */,
			);
			path = OfferCam;
			sourceTree = "<group>";
		};
		C0B38BA1D515579044ED410B /* Frameworks */ = {
			isa = PBXGroup;
			children = (
				7BEC33603EAD41725A4EE5E2 /* Pods_OfferCam.framework */,
			);
			name = Frameworks;
			sourceTree = "<group>";
		};
		C851C4DCDB856196D9C239EC /* Pods */ = {
			isa = PBXGroup;
			children = (
				7640C3871F91A8E1F53D06F1 /* Pods-OfferCam.debug.xcconfig */,
				39B3665B666B1D4CE80A31C8 /* Pods-OfferCam.release.xcconfig */,
			);
			name = Pods;
			sourceTree = "<group>";
		};
/* End PBXGroup section */

/* Begin PBXNativeTarget section */
		A06B28181FB2385D008E27D5 /* OfferCam */ = {
			isa = PBXNativeTarget;
			buildConfigurationList = A06B282E1FB2385D008E27D5 /* Build configuration list for PBXNativeTarget "OfferCam" */;
			buildPhases = (
				756FF525E7C85B59DC0BB768 /* [CP] Check Pods Manifest.lock */,
				A06B28151FB2385D008E27D5 /* Sources */,
				A06B28161FB2385D008E27D5 /* Frameworks */,
				A06B28171FB2385D008E27D5 /* Resources */,
				0BCAE4A5F17CFD6D87760BF9 /* [CP] Embed Pods Frameworks */,
				47DDD14EADF279715DC6CF00 /* [CP] Copy Pods Resources */,
			);
			buildRules = (
			);
			dependencies = (
			);
			name = OfferCam;
			productName = OfferCam;
			productReference = A06B28191FB2385D008E27D5 /* OfferCam.app */;
			productType = "com.apple.product-type.application";
		};
/* End PBXNativeTarget section */

/* Begin PBXProject section */
		A06B28111FB2385D008E27D5 /* Project object */ = {
			isa = PBXProject;
			attributes = {
				LastSwiftUpdateCheck = 0910;
				LastUpgradeCheck = 0910;
				ORGANIZATIONNAME = Aqeel;
				TargetAttributes = {
					A06B28181FB2385D008E27D5 = {
						CreatedOnToolsVersion = 9.1;
						ProvisioningStyle = Automatic;
					};
				};
			};
			buildConfigurationList = A06B28141FB2385D008E27D5 /* Build configuration list for PBXProject "OfferCam" */;
			compatibilityVersion = "Xcode 8.0";
			developmentRegion = en;
			hasScannedForEncodings = 0;
			knownRegions = (
				en,
				Base,
			);
			mainGroup = A06B28101FB2385D008E27D5;
			productRefGroup = A06B281A1FB2385D008E27D5 /* Products */;
			projectDirPath = "";
			projectRoot = "";
			targets = (
				A06B28181FB2385D008E27D5 /* OfferCam */,
			);
		};
/* End PBXProject section */

/* Begin PBXResourcesBuildPhase section */
		A06B28171FB2385D008E27D5 /* Resources */ = {
			isa = PBXResourcesBuildPhase;
			buildActionMask = 2147483647;
			files = (
				A04B3CA41FB9B811002F4521 /* CollectionVCell.xib in Resources */,
				A06B282A1FB2385D008E27D5 /* LaunchScreen.storyboard in Resources */,
				A06B28271FB2385D008E27D5 /* Assets.xcassets in Resources */,
				A06B28221FB2385D008E27D5 /* Main.storyboard in Resources */,
				A0D43BF61FB98371006A95C5 /* PrivacyPolicy.html in Resources */,
			);
			runOnlyForDeploymentPostprocessing = 0;
		};
/* End PBXResourcesBuildPhase section */

/* Begin PBXShellScriptBuildPhase section */
		0BCAE4A5F17CFD6D87760BF9 /* [CP] Embed Pods Frameworks */ = {
			isa = PBXShellScriptBuildPhase;
			buildActionMask = 2147483647;
			files = (
			);
			inputPaths = (
				"${SRCROOT}/Pods/Target Support Files/Pods-OfferCam/Pods-OfferCam-frameworks.sh",
				"${BUILT_PRODUCTS_DIR}/LGSideMenuController/LGSideMenuController.framework",
			);
			name = "[CP] Embed Pods Frameworks";
			outputPaths = (
				"${TARGET_BUILD_DIR}/${FRAMEWORKS_FOLDER_PATH}/LGSideMenuController.framework",
			);
			runOnlyForDeploymentPostprocessing = 0;
			shellPath = /bin/sh;
			shellScript = "\"${SRCROOT}/Pods/Target Support Files/Pods-OfferCam/Pods-OfferCam-frameworks.sh\"\n";
			showEnvVarsInLog = 0;
		};
		47DDD14EADF279715DC6CF00 /* [CP] Copy Pods Resources */ = {
			isa = PBXShellScriptBuildPhase;
			buildActionMask = 2147483647;
			files = (
			);
			inputPaths = (
			);
			name = "[CP] Copy Pods Resources";
			outputPaths = (
			);
			runOnlyForDeploymentPostprocessing = 0;
			shellPath = /bin/sh;
			shellScript = "\"${SRCROOT}/Pods/Target Support Files/Pods-OfferCam/Pods-OfferCam-resources.sh\"\n";
			showEnvVarsInLog = 0;
		};
		756FF525E7C85B59DC0BB768 /* [CP] Check Pods Manifest.lock */ = {
			isa = PBXShellScriptBuildPhase;
			buildActionMask = 2147483647;
			files = (
			);
			inputPaths = (
				"${PODS_PODFILE_DIR_PATH}/Podfile.lock",
				"${PODS_ROOT}/Manifest.lock",
			);
			name = "[CP] Check Pods Manifest.lock";
			outputPaths = (
				"$(DERIVED_FILE_DIR)/Pods-OfferCam-checkManifestLockResult.txt",
			);
			runOnlyForDeploymentPostprocessing = 0;
			shellPath = /bin/sh;
			shellScript = "diff \"${PODS_PODFILE_DIR_PATH}/Podfile.lock\" \"${PODS_ROOT}/Manifest.lock\" > /dev/null\nif [ $? != 0 ] ; then\n    # print error to STDERR\n    echo \"error: The sandbox is not in sync with the Podfile.lock. Run 'pod install' or update your CocoaPods installation.\" >&2\n    exit 1\nfi\n";
			showEnvVarsInLog = 0;
		};
/* End PBXShellScriptBuildPhase section */

/* Begin PBXSourcesBuildPhase section */
		A06B28151FB2385D008E27D5 /* Sources */ = {
			isa = PBXSourcesBuildPhase;
			buildActionMask = 2147483647;
			files = (
				04E5888A1FB7644E00B22B1C /* MainLGSideViewVC.swift in Sources */,
				A0D43BEE1FB779F2006A95C5 /* PrivacyPolicyVC.swift in Sources */,
				A06B281F1FB2385D008E27D5 /* ViewController.swift in Sources */,
				A06B281D1FB2385D008E27D5 /* AppDelegate.swift in Sources */,
				A0D43BEA1FB779B2006A95C5 /* TripLogVC.swift in Sources */,
				04E5888C1FB764DE00B22B1C /* HomeVC.swift in Sources */,
				A0D43BE81FB4B7A4006A95C5 /* DrawerViewController.swift in Sources */,
				A0D43BEC1FB779D4006A95C5 /* UploadVC.swift in Sources */,
				A06B28251FB2385D008E27D5 /* OfferCam.xcdatamodeld in Sources */,
				A0D43BF41FB78DCA006A95C5 /* ProfileVC.swift in Sources */,
				A04B3CA31FB9B811002F4521 /* CollectionVCell.swift in Sources */,
				A0D43BF21FB78C12006A95C5 /* FAQsVC.swift in Sources */,
			);
			runOnlyForDeploymentPostprocessing = 0;
		};
/* End PBXSourcesBuildPhase section */

/* Begin PBXVariantGroup section */
		A06B28201FB2385D008E27D5 /* Main.storyboard */ = {
			isa = PBXVariantGroup;
			children = (
				A06B28211FB2385D008E27D5 /* Base */,
			);
			name = Main.storyboard;
			sourceTree = "<group>";
		};
		A06B28281FB2385D008E27D5 /* LaunchScreen.storyboard */ = {
			isa = PBXVariantGroup;
			children = (
				A06B28291FB2385D008E27D5 /* Base */,
			);
			name = LaunchScreen.storyboard;
			sourceTree = "<group>";
		};
/* End PBXVariantGroup section */

/* Begin XCBuildConfiguration section */
		A06B282C1FB2385D008E27D5 /* Debug */ = {
			isa = XCBuildConfiguration;
			buildSettings = {
				ALWAYS_SEARCH_USER_PATHS = NO;
				CLANG_ANALYZER_NONNULL = YES;
				CLANG_ANALYZER_NUMBER_OBJECT_CONVERSION = YES_AGGRESSIVE;
				CLANG_CXX_LANGUAGE_STANDARD = "gnu++14";
				CLANG_CXX_LIBRARY = "libc++";
				CLANG_ENABLE_MODULES = YES;
				CLANG_ENABLE_OBJC_ARC = YES;
				CLANG_WARN_BLOCK_CAPTURE_AUTORELEASING = YES;
				CLANG_WARN_BOOL_CONVERSION = YES;
				CLANG_WARN_COMMA = YES;
				CLANG_WARN_CONSTANT_CONVERSION = YES;
				CLANG_WARN_DIRECT_OBJC_ISA_USAGE = YES_ERROR;
				CLANG_WARN_DOCUMENTATION_COMMENTS = YES;
				CLANG_WARN_EMPTY_BODY = YES;
				CLANG_WARN_ENUM_CONVERSION = YES;
				CLANG_WARN_INFINITE_RECURSION = YES;
				CLANG_WARN_INT_CONVERSION = YES;
				CLANG_WARN_NON_LITERAL_NULL_CONVERSION = YES;
				CLANG_WARN_OBJC_LITERAL_CONVERSION = YES;
				CLANG_WARN_OBJC_ROOT_CLASS = YES_ERROR;
				CLANG_WARN_RANGE_LOOP_ANALYSIS = YES;
				CLANG_WARN_STRICT_PROTOTYPES = YES;
				CLANG_WARN_SUSPICIOUS_MOVE = YES;
				CLANG_WARN_UNGUARDED_AVAILABILITY = YES_AGGRESSIVE;
				CLANG_WARN_UNREACHABLE_CODE = YES;
				CLANG_WARN__DUPLICATE_METHOD_MATCH = YES;
				CODE_SIGN_IDENTITY = "iPhone Developer";
				COPY_PHASE_STRIP = NO;
				DEBUG_INFORMATION_FORMAT = dwarf;
				ENABLE_STRICT_OBJC_MSGSEND = YES;
				ENABLE_TESTABILITY = YES;
				GCC_C_LANGUAGE_STANDARD = gnu11;
				GCC_DYNAMIC_NO_PIC = NO;
				GCC_NO_COMMON_BLOCKS = YES;
				GCC_OPTIMIZATION_LEVEL = 0;
				GCC_PREPROCESSOR_DEFINITIONS = (
					"DEBUG=1",
					"$(inherited)",
				);
				GCC_WARN_64_TO_32_BIT_CONVERSION = YES;
				GCC_WARN_ABOUT_RETURN_TYPE = YES_ERROR;
				GCC_WARN_UNDECLARED_SELECTOR = YES;
				GCC_WARN_UNINITIALIZED_AUTOS = YES_AGGRESSIVE;
				GCC_WARN_UNUSED_FUNCTION = YES;
				GCC_WARN_UNUSED_VARIABLE = YES;
				IPHONEOS_DEPLOYMENT_TARGET = 11.1;
				MTL_ENABLE_DEBUG_INFO = YES;
				ONLY_ACTIVE_ARCH = YES;
				SDKROOT = iphoneos;
				SWIFT_ACTIVE_COMPILATION_CONDITIONS = DEBUG;
				SWIFT_OPTIMIZATION_LEVEL = "-Onone";
			};
			name = Debug;
		};
		A06B282D1FB2385D008E27D5 /* Release */ = {
			isa = XCBuildConfiguration;
			buildSettings = {
				ALWAYS_SEARCH_USER_PATHS = NO;
				CLANG_ANALYZER_NONNULL = YES;
				CLANG_ANALYZER_NUMBER_OBJECT_CONVERSION = YES_AGGRESSIVE;
				CLANG_CXX_LANGUAGE_STANDARD = "gnu++14";
				CLANG_CXX_LIBRARY = "libc++";
				CLANG_ENABLE_MODULES = YES;
				CLANG_ENABLE_OBJC_ARC = YES;
				CLANG_WARN_BLOCK_CAPTURE_AUTORELEASING = YES;
				CLANG_WARN_BOOL_CONVERSION = YES;
				CLANG_WARN_COMMA = YES;
				CLANG_WARN_CONSTANT_CONVERSION = YES;
				CLANG_WARN_DIRECT_OBJC_ISA_USAGE = YES_ERROR;
				CLANG_WARN_DOCUMENTATION_COMMENTS = YES;
				CLANG_WARN_EMPTY_BODY = YES;
				CLANG_WARN_ENUM_CONVERSION = YES;
				CLANG_WARN_INFINITE_RECURSION = YES;
				CLANG_WARN_INT_CONVERSION = YES;
				CLANG_WARN_NON_LITERAL_NULL_CONVERSION = YES;
				CLANG_WARN_OBJC_LITERAL_CONVERSION = YES;
				CLANG_WARN_OBJC_ROOT_CLASS = YES_ERROR;
				CLANG_WARN_RANGE_LOOP_ANALYSIS = YES;
				CLANG_WARN_STRICT_PROTOTYPES = YES;
				CLANG_WARN_SUSPICIOUS_MOVE = YES;
				CLANG_WARN_UNGUARDED_AVAILABILITY = YES_AGGRESSIVE;
				CLANG_WARN_UNREACHABLE_CODE = YES;
				CLANG_WARN__DUPLICATE_METHOD_MATCH = YES;
				CODE_SIGN_IDENTITY = "iPhone Developer";
				COPY_PHASE_STRIP = NO;
				DEBUG_INFORMATION_FORMAT = "dwarf-with-dsym";
				ENABLE_NS_ASSERTIONS = NO;
				ENABLE_STRICT_OBJC_MSGSEND = YES;
				GCC_C_LANGUAGE_STANDARD = gnu11;
				GCC_NO_COMMON_BLOCKS = YES;
				GCC_WARN_64_TO_32_BIT_CONVERSION = YES;
				GCC_WARN_ABOUT_RETURN_TYPE = YES_ERROR;
				GCC_WARN_UNDECLARED_SELECTOR = YES;
				GCC_WARN_UNINITIALIZED_AUTOS = YES_AGGRESSIVE;
				GCC_WARN_UNUSED_FUNCTION = YES;
				GCC_WARN_UNUSED_VARIABLE = YES;
				IPHONEOS_DEPLOYMENT_TARGET = 11.1;
				MTL_ENABLE_DEBUG_INFO = NO;
				SDKROOT = iphoneos;
				SWIFT_OPTIMIZATION_LEVEL = "-Owholemodule";
				VALIDATE_PRODUCT = YES;
			};
			name = Release;
		};
		A06B282F1FB2385D008E27D5 /* Debug */ = {
			isa = XCBuildConfiguration;
			baseConfigurationReference = 7640C3871F91A8E1F53D06F1 /* Pods-OfferCam.debug.xcconfig */;
			buildSettings = {
				ASSETCATALOG_COMPILER_APPICON_NAME = AppIcon;
				CODE_SIGN_STYLE = Automatic;
				DEVELOPMENT_TEAM = ZLHN255KGS;
				INFOPLIST_FILE = OfferCam/Info.plist;
				LD_RUNPATH_SEARCH_PATHS = "$(inherited) @executable_path/Frameworks";
				PRODUCT_BUNDLE_IDENTIFIER = com.Aqeel.OfferCam;
				PRODUCT_NAME = "$(TARGET_NAME)";
				SWIFT_VERSION = 4.0;
				TARGETED_DEVICE_FAMILY = "1,2";
			};
			name = Debug;
		};
		A06B28301FB2385D008E27D5 /* Release */ = {
			isa = XCBuildConfiguration;
			baseConfigurationReference = 39B3665B666B1D4CE80A31C8 /* Pods-OfferCam.release.xcconfig */;
			buildSettings = {
				ASSETCATALOG_COMPILER_APPICON_NAME = AppIcon;
				CODE_SIGN_STYLE = Automatic;
				DEVELOPMENT_TEAM = ZLHN255KGS;
				INFOPLIST_FILE = OfferCam/Info.plist;
				LD_RUNPATH_SEARCH_PATHS = "$(inherited) @executable_path/Frameworks";
				PRODUCT_BUNDLE_IDENTIFIER = com.Aqeel.OfferCam;
				PRODUCT_NAME = "$(TARGET_NAME)";
				SWIFT_VERSION = 4.0;
				TARGETED_DEVICE_FAMILY = "1,2";
			};
			name = Release;
		};
/* End XCBuildConfiguration section */

/* Begin XCConfigurationList section */
		A06B28141FB2385D008E27D5 /* Build configuration list for PBXProject "OfferCam" */ = {
			isa = XCConfigurationList;
			buildConfigurations = (
				A06B282C1FB2385D008E27D5 /* Debug */,
				A06B282D1FB2385D008E27D5 /* Release */,
			);
			defaultConfigurationIsVisible = 0;
			defaultConfigurationName = Release;
		};
		A06B282E1FB2385D008E27D5 /* Build configuration list for PBXNativeTarget "OfferCam" */ = {
			isa = XCConfigurationList;
			buildConfigurations = (
				A06B282F1FB2385D008E27D5 /* Debug */,
				A06B28301FB2385D008E27D5 /* Release */,
			);
			defaultConfigurationIsVisible = 0;
			defaultConfigurationName = Release;
		};
/* End XCConfigurationList section */

/* Begin XCVersionGroup section */
		A06B28231FB2385D008E27D5 /* OfferCam.xcdatamodeld */ = {
			isa = XCVersionGroup;
			children = (
				A06B28241FB2385D008E27D5 /* OfferCam.xcdatamodel */,
			);
			currentVersion = A06B28241FB2385D008E27D5 /* OfferCam.xcdatamodel */;
			path = OfferCam.xcdatamodeld;
			sourceTree = "<group>";
			versionGroupType = wrapper.xcdatamodel;
		};
/* End XCVersionGroup section */
	};
	rootObject = A06B28111FB2385D008E27D5 /* Project object */;
}
